// !$*UTF8*$!
{
	archiveVersion = 1;
	classes = {
	};
	objectVersion = 50;
	objects = {

/* Begin PBXBuildFile section */
		9BBD838123ABAD59006FB9A5 /* main.cpp in Sources */ = {isa = PBXBuildFile; fileRef = 9BBD838023ABAD59006FB9A5 /* main.cpp */; };
		9BBD838A23ABDBF8006FB9A5 /* MSCN.cpp in Sources */ = {isa = PBXBuildFile; fileRef = 9BBD838823ABDBF8006FB9A5 /* MSCN.cpp */; };
		9BCA49B523D9052C00AD1CCD /* Optimization.cpp in Sources */ = {isa = PBXBuildFile; fileRef = 9BCA49B423D9052C00AD1CCD /* Optimization.cpp */; };
		9BFEB6D623D0C1ED0038BFB3 /* CRandom.cpp in Sources */ = {isa = PBXBuildFile; fileRef = 9BFEB6D423D0C1ED0038BFB3 /* CRandom.cpp */; };
/* End PBXBuildFile section */

/* Begin PBXCopyFilesBuildPhase section */
		9BBD837B23ABAD59006FB9A5 /* CopyFiles */ = {
			isa = PBXCopyFilesBuildPhase;
			buildActionMask = 2147483647;
			dstPath = /usr/share/man/man1/;
			dstSubfolderSpec = 0;
			files = (
			);
			runOnlyForDeploymentPostprocessing = 1;
		};
/* End PBXCopyFilesBuildPhase section */

/* Begin PBXFileReference section */
		9BBD837D23ABAD59006FB9A5 /* ept09 */ = {isa = PBXFileReference; explicitFileType = "compiled.mach-o.executable"; includeInIndex = 0; path = ept09; sourceTree = BUILT_PRODUCTS_DIR; };
		9BBD838023ABAD59006FB9A5 /* main.cpp */ = {isa = PBXFileReference; lastKnownFileType = sourcecode.cpp.cpp; path = main.cpp; sourceTree = "<group>"; };
		9BBD838723ABAD9C006FB9A5 /* mscnheader.h */ = {isa = PBXFileReference; lastKnownFileType = sourcecode.c.h; path = mscnheader.h; sourceTree = "<group>"; };
		9BBD838823ABDBF8006FB9A5 /* MSCN.cpp */ = {isa = PBXFileReference; lastKnownFileType = sourcecode.cpp.cpp; path = MSCN.cpp; sourceTree = "<group>"; };
		9BCA49B423D9052C00AD1CCD /* Optimization.cpp */ = {isa = PBXFileReference; lastKnownFileType = sourcecode.cpp.cpp; path = Optimization.cpp; sourceTree = "<group>"; };
		9BFEB6D323D0C1ED0038BFB3 /* CRandom.h */ = {isa = PBXFileReference; fileEncoding = 4; lastKnownFileType = sourcecode.c.h; path = CRandom.h; sourceTree = "<group>"; };
		9BFEB6D423D0C1ED0038BFB3 /* CRandom.cpp */ = {isa = PBXFileReference; fileEncoding = 4; lastKnownFileType = sourcecode.cpp.cpp; path = CRandom.cpp; sourceTree = "<group>"; };
		9BFEB6D523D0C1ED0038BFB3 /* MSCN.hpp */ = {isa = PBXFileReference; fileEncoding = 4; lastKnownFileType = sourcecode.cpp.h; path = MSCN.hpp; sourceTree = "<group>"; };
/* End PBXFileReference section */

/* Begin PBXFrameworksBuildPhase section */
		9BBD837A23ABAD59006FB9A5 /* Frameworks */ = {
			isa = PBXFrameworksBuildPhase;
			buildActionMask = 2147483647;
			files = (
			);
			runOnlyForDeploymentPostprocessing = 0;
		};
/* End PBXFrameworksBuildPhase section */

/* Begin PBXGroup section */
		9BBD837423ABAD58006FB9A5 = {
			isa = PBXGroup;
			children = (
				9BBD837F23ABAD59006FB9A5 /* ept09 */,
				9BBD837E23ABAD59006FB9A5 /* Products */,
			);
			sourceTree = "<group>";
		};
		9BBD837E23ABAD59006FB9A5 /* Products */ = {
			isa = PBXGroup;
			children = (
				9BBD837D23ABAD59006FB9A5 /* ept09 */,
			);
			name = Products;
			sourceTree = "<group>";
		};
		9BBD837F23ABAD59006FB9A5 /* ept09 */ = {
			isa = PBXGroup;
			children = (
				9BFEB6D423D0C1ED0038BFB3 /* CRandom.cpp */,
				9BFEB6D323D0C1ED0038BFB3 /* CRandom.h */,
				9BFEB6D523D0C1ED0038BFB3 /* MSCN.hpp */,
				9BBD838023ABAD59006FB9A5 /* main.cpp */,
				9BBD838723ABAD9C006FB9A5 /* mscnheader.h */,
				9BBD838823ABDBF8006FB9A5 /* MSCN.cpp */,
				9BCA49B423D9052C00AD1CCD /* Optimization.cpp */,
			);
			path = ept09;
			sourceTree = "<group>";
		};
/* End PBXGroup section */

/* Begin PBXNativeTarget section */
		9BBD837C23ABAD59006FB9A5 /* ept09 */ = {
			isa = PBXNativeTarget;
			buildConfigurationList = 9BBD838423ABAD59006FB9A5 /* Build configuration list for PBXNativeTarget "ept09" */;
			buildPhases = (
				9BBD837923ABAD59006FB9A5 /* Sources */,
				9BBD837A23ABAD59006FB9A5 /* Frameworks */,
				9BBD837B23ABAD59006FB9A5 /* CopyFiles */,
			);
			buildRules = (
			);
			dependencies = (
			);
			name = ept09;
			productName = ept09;
			productReference = 9BBD837D23ABAD59006FB9A5 /* ept09 */;
			productType = "com.apple.product-type.tool";
		};
/* End PBXNativeTarget section */

/* Begin PBXProject section */
		9BBD837523ABAD58006FB9A5 /* Project object */ = {
			isa = PBXProject;
			attributes = {
				LastUpgradeCheck = 1000;
				ORGANIZATIONNAME = "Bartek maciag";
				TargetAttributes = {
					9BBD837C23ABAD59006FB9A5 = {
						CreatedOnToolsVersion = 10.0;
					};
				};
			};
			buildConfigurationList = 9BBD837823ABAD58006FB9A5 /* Build configuration list for PBXProject "ept09" */;
			compatibilityVersion = "Xcode 9.3";
			developmentRegion = en;
			hasScannedForEncodings = 0;
			knownRegions = (
				en,
			);
			mainGroup = 9BBD837423ABAD58006FB9A5;
			productRefGroup = 9BBD837E23ABAD59006FB9A5 /* Products */;
			projectDirPath = "";
			projectRoot = "";
			targets = (
				9BBD837C23ABAD59006FB9A5 /* ept09 */,
			);
		};
/* End PBXProject section */

/* Begin PBXSourcesBuildPhase section */
		9BBD837923ABAD59006FB9A5 /* Sources */ = {
			isa = PBXSourcesBuildPhase;
			buildActionMask = 2147483647;
			files = (
				9BCA49B523D9052C00AD1CCD /* Optimization.cpp in Sources */,
				9BFEB6D623D0C1ED0038BFB3 /* CRandom.cpp in Sources */,
				9BBD838A23ABDBF8006FB9A5 /* MSCN.cpp in Sources */,
				9BBD838123ABAD59006FB9A5 /* main.cpp in Sources */,
			);
			runOnlyForDeploymentPostprocessing = 0;
		};
/* End PBXSourcesBuildPhase section */

/* Begin XCBuildConfiguration section */
		9BBD838223ABAD59006FB9A5 /* Debug */ = {
			isa = XCBuildConfiguration;
			buildSettings = {
				ALWAYS_SEARCH_USER_PATHS = NO;
				CLANG_ANALYZER_NONNULL = YES;
				CLANG_ANALYZER_NUMBER_OBJECT_CONVERSION = YES_AGGRESSIVE;
				CLANG_CXX_LANGUAGE_STANDARD = "gnu++14";
				CLANG_CXX_LIBRARY = "libc++";
				CLANG_ENABLE_MODULES = YES;
				CLANG_ENABLE_OBJC_ARC = YES;
				CLANG_ENABLE_OBJC_WEAK = YES;
				CLANG_WARN_BLOCK_CAPTURE_AUTORELEASING = YES;
				CLANG_WARN_BOOL_CONVERSION = YES;
				CLANG_WARN_COMMA = YES;
				CLANG_WARN_CONSTANT_CONVERSION = YES;
				CLANG_WARN_DEPRECATED_OBJC_IMPLEMENTATIONS = YES;
				CLANG_WARN_DIRECT_OBJC_ISA_USAGE = YES_ERROR;
				CLANG_WARN_DOCUMENTATION_COMMENTS = YES;
				CLANG_WARN_EMPTY_BODY = YES;
				CLANG_WARN_ENUM_CONVERSION = YES;
				CLANG_WARN_INFINITE_RECURSION = YES;
				CLANG_WARN_INT_CONVERSION = YES;
				CLANG_WARN_NON_LITERAL_NULL_CONVERSION = YES;
				CLANG_WARN_OBJC_IMPLICIT_RETAIN_SELF = YES;
				CLANG_WARN_OBJC_LITERAL_CONVERSION = YES;
				CLANG_WARN_OBJC_ROOT_CLASS = YES_ERROR;
				CLANG_WARN_RANGE_LOOP_ANALYSIS = YES;
				CLANG_WARN_STRICT_PROTOTYPES = YES;
				CLANG_WARN_SUSPICIOUS_MOVE = YES;
				CLANG_WARN_UNGUARDED_AVAILABILITY = YES_AGGRESSIVE;
				CLANG_WARN_UNREACHABLE_CODE = YES;
				CLANG_WARN__DUPLICATE_METHOD_MATCH = YES;
				CODE_SIGN_IDENTITY = "Mac Developer";
				COPY_PHASE_STRIP = NO;
				DEBUG_INFORMATION_FORMAT = dwarf;
				ENABLE_STRICT_OBJC_MSGSEND = YES;
				ENABLE_TESTABILITY = YES;
				GCC_C_LANGUAGE_STANDARD = gnu11;
				GCC_DYNAMIC_NO_PIC = NO;
				GCC_NO_COMMON_BLOCKS = YES;
				GCC_OPTIMIZATION_LEVEL = 0;
				GCC_PREPROCESSOR_DEFINITIONS = (
					"DEBUG=1",
					"$(inherited)",
				);
				GCC_WARN_64_TO_32_BIT_CONVERSION = YES;
				GCC_WARN_ABOUT_RETURN_TYPE = YES_ERROR;
				GCC_WARN_UNDECLARED_SELECTOR = YES;
				GCC_WARN_UNINITIALIZED_AUTOS = YES_AGGRESSIVE;
				GCC_WARN_UNUSED_FUNCTION = YES;
				GCC_WARN_UNUSED_VARIABLE = YES;
				MACOSX_DEPLOYMENT_TARGET = 10.14;
				MTL_ENABLE_DEBUG_INFO = INCLUDE_SOURCE;
				ONLY_ACTIVE_ARCH = YES;
				SDKROOT = macosx;
			};
			name = Debug;
		};
		9BBD838323ABAD59006FB9A5 /* Release */ = {
			isa = XCBuildConfiguration;
			buildSettings = {
				ALWAYS_SEARCH_USER_PATHS = NO;
				CLANG_ANALYZER_NONNULL = YES;
				CLANG_ANALYZER_NUMBER_OBJECT_CONVERSION = YES_AGGRESSIVE;
				CLANG_CXX_LANGUAGE_STANDARD = "gnu++14";
				CLANG_CXX_LIBRARY = "libc++";
				CLANG_ENABLE_MODULES = YES;
				CLANG_ENABLE_OBJC_ARC = YES;
				CLANG_ENABLE_OBJC_WEAK = YES;
				CLANG_WARN_BLOCK_CAPTURE_AUTORELEASING = YES;
				CLANG_WARN_BOOL_CONVERSION = YES;
				CLANG_WARN_COMMA = YES;
				CLANG_WARN_CONSTANT_CONVERSION = YES;
				CLANG_WARN_DEPRECATED_OBJC_IMPLEMENTATIONS = YES;
				CLANG_WARN_DIRECT_OBJC_ISA_USAGE = YES_ERROR;
				CLANG_WARN_DOCUMENTATION_COMMENTS = YES;
				CLANG_WARN_EMPTY_BODY = YES;
				CLANG_WARN_ENUM_CONVERSION = YES;
				CLANG_WARN_INFINITE_RECURSION = YES;
				CLANG_WARN_INT_CONVERSION = YES;
				CLANG_WARN_NON_LITERAL_NULL_CONVERSION = YES;
				CLANG_WARN_OBJC_IMPLICIT_RETAIN_SELF = YES;
				CLANG_WARN_OBJC_LITERAL_CONVERSION = YES;
				CLANG_WARN_OBJC_ROOT_CLASS = YES_ERROR;
				CLANG_WARN_RANGE_LOOP_ANALYSIS = YES;
				CLANG_WARN_STRICT_PROTOTYPES = YES;
				CLANG_WARN_SUSPICIOUS_MOVE = YES;
				CLANG_WARN_UNGUARDED_AVAILABILITY = YES_AGGRESSIVE;
				CLANG_WARN_UNREACHABLE_CODE = YES;
				CLANG_WARN__DUPLICATE_METHOD_MATCH = YES;
				CODE_SIGN_IDENTITY = "Mac Developer";
				COPY_PHASE_STRIP = NO;
				DEBUG_INFORMATION_FORMAT = "dwarf-with-dsym";
				ENABLE_NS_ASSERTIONS = NO;
				ENABLE_STRICT_OBJC_MSGSEND = YES;
				GCC_C_LANGUAGE_STANDARD = gnu11;
				GCC_NO_COMMON_BLOCKS = YES;
				GCC_WARN_64_TO_32_BIT_CONVERSION = YES;
				GCC_WARN_ABOUT_RETURN_TYPE = YES_ERROR;
				GCC_WARN_UNDECLARED_SELECTOR = YES;
				GCC_WARN_UNINITIALIZED_AUTOS = YES_AGGRESSIVE;
				GCC_WARN_UNUSED_FUNCTION = YES;
				GCC_WARN_UNUSED_VARIABLE = YES;
				MACOSX_DEPLOYMENT_TARGET = 10.14;
				MTL_ENABLE_DEBUG_INFO = NO;
				SDKROOT = macosx;
			};
			name = Release;
		};
		9BBD838523ABAD59006FB9A5 /* Debug */ = {
			isa = XCBuildConfiguration;
			buildSettings = {
				CODE_SIGN_STYLE = Automatic;
				DEVELOPMENT_TEAM = QF86H4N2Q5;
				PRODUCT_NAME = "$(TARGET_NAME)";
			};
			name = Debug;
		};
		9BBD838623ABAD59006FB9A5 /* Release */ = {
			isa = XCBuildConfiguration;
			buildSettings = {
				CODE_SIGN_STYLE = Automatic;
				DEVELOPMENT_TEAM = QF86H4N2Q5;
				PRODUCT_NAME = "$(TARGET_NAME)";
			};
			name = Release;
		};
/* End XCBuildConfiguration section */

/* Begin XCConfigurationList section */
		9BBD837823ABAD58006FB9A5 /* Build configuration list for PBXProject "ept09" */ = {
			isa = XCConfigurationList;
			buildConfigurations = (
				9BBD838223ABAD59006FB9A5 /* Debug */,
				9BBD838323ABAD59006FB9A5 /* Release */,
			);
			defaultConfigurationIsVisible = 0;
			defaultConfigurationName = Release;
		};
		9BBD838423ABAD59006FB9A5 /* Build configuration list for PBXNativeTarget "ept09" */ = {
			isa = XCConfigurationList;
			buildConfigurations = (
				9BBD838523ABAD59006FB9A5 /* Debug */,
				9BBD838623ABAD59006FB9A5 /* Release */,
			);
			defaultConfigurationIsVisible = 0;
			defaultConfigurationName = Release;
		};
/* End XCConfigurationList section */
	};
	rootObject = 9BBD837523ABAD58006FB9A5 /* Project object */;
}
